<?xml version="1.0" encoding="utf-8"?>
<Project ToolsVersion="4.0" xmlns="http://schemas.microsoft.com/developer/msbuild/2003">
  <ItemGroup>
    <Filter Include="Source Files">
      <UniqueIdentifier>{4FC737F1-C7A5-4376-A066-2A32D752A2FF}</UniqueIdentifier>
      <Extensions>cpp;c;cc;cxx;c++;cppm;ixx;def;odl;idl;hpj;bat;asm;asmx</Extensions>
    </Filter>
    <Filter Include="Header Files">
      <UniqueIdentifier>{93995380-89BD-4b04-88EB-625FBE52EBFB}</UniqueIdentifier>
      <Extensions>h;hh;hpp;hxx;h++;hm;inl;inc;ipp;xsd</Extensions>
    </Filter>
    <Filter Include="Resource Files">
      <UniqueIdentifier>{67DA6AB6-F800-4c08-8B7A-83BB121AAD01}</UniqueIdentifier>
      <Extensions>rc;ico;cur;bmp;dlg;rc2;rct;bin;rgs;gif;jpg;jpeg;jpe;resx;tiff;tif;png;wav;mfcribbon-ms</Extensions>
    </Filter>
    <Filter Include="Header Files\SyntaxNodes">
      <UniqueIdentifier>{faf5f59a-8769-4eba-a5f1-1440a04f9ab0}</UniqueIdentifier>
    </Filter>
  </ItemGroup>
  <ItemGroup>
    <ClCompile Include="FileIO.cpp">
      <Filter>Source Files</Filter>
    </ClCompile>
    <ClCompile Include="main.cpp">
      <Filter>Source Files</Filter>
    </ClCompile>
    <ClCompile Include="Parser.cpp">
      <Filter>Source Files</Filter>
    </ClCompile>
  </ItemGroup>
  <ItemGroup>
    <ClInclude Include="FileIO.h">
      <Filter>Header Files</Filter>
    </ClInclude>
    <ClInclude Include="Parser.h">
      <Filter>Header Files</Filter>
    </ClInclude>
    <ClInclude Include="Lexer.h">
      <Filter>Header Files</Filter>
    </ClInclude>
    <ClInclude Include="InputStream.h">
      <Filter>Header Files</Filter>
    </ClInclude>
    <ClInclude Include="TokenStream.h">
      <Filter>Header Files</Filter>
    </ClInclude>
    <ClInclude Include="AbstractSyntaxTree.h">
      <Filter>Header Files</Filter>
    </ClInclude>
    <ClInclude Include="ClassDefinitionSyntaxNode.h">
      <Filter>Header Files\SyntaxNodes</Filter>
    </ClInclude>
    <ClInclude Include="FunctionDefinitionSyntaxNode.h">
      <Filter>Header Files\SyntaxNodes</Filter>
    </ClInclude>
    <ClInclude Include="FunctionPrototypeSyntaxNode.h">
      <Filter>Header Files\SyntaxNodes</Filter>
    </ClInclude>
    <ClInclude Include="FunctionBodySyntaxNode.h">
      <Filter>Header Files\SyntaxNodes</Filter>
    </ClInclude>
    <ClInclude Include="SyntaxNode.h">
      <Filter>Header Files</Filter>
    </ClInclude>
    <ClInclude Include="ParserError.h">
      <Filter>Header Files</Filter>
    </ClInclude>
    <ClInclude Include="VariableDefinitionSyntaxNode.h">
      <Filter>Header Files\SyntaxNodes</Filter>
    </ClInclude>
    <ClInclude Include="ReturnSyntaxNode.h">
      <Filter>Header Files\SyntaxNodes</Filter>
    </ClInclude>
    <ClInclude Include="BreakSyntaxNode.h">
      <Filter>Header Files\SyntaxNodes</Filter>
    </ClInclude>
    <ClInclude Include="ContinueSyntaxNode.h">
      <Filter>Header Files\SyntaxNodes</Filter>
    </ClInclude>
    <ClInclude Include="IfSyntaxNode.h">
      <Filter>Header Files\SyntaxNodes</Filter>
    </ClInclude>
    <ClInclude Include="VariableSyntaxNode.h">
      <Filter>Header Files\SyntaxNodes</Filter>
    </ClInclude>
    <ClInclude Include="CallSyntaxNode.h">
      <Filter>Header Files\SyntaxNodes</Filter>
    </ClInclude>
    <ClInclude Include="LiteralValueSyntaxNode.h">
      <Filter>Header Files\SyntaxNodes</Filter>
    </ClInclude>
    <ClInclude Include="AssignmentSyntaxNode.h">
      <Filter>Header Files\SyntaxNodes</Filter>
    </ClInclude>
    <ClInclude Include="EqualityOperatorSyntaxNode.h">
      <Filter>Header Files\SyntaxNodes</Filter>
    </ClInclude>
    <ClInclude Include="NotOperatorSyntaxNode.h">
      <Filter>Header Files\SyntaxNodes</Filter>
    </ClInclude>
    <ClInclude Include="BooleanLiteralSyntaxNode.h">
      <Filter>Header Files\SyntaxNodes</Filter>
    </ClInclude>
    <ClInclude Include="ArrayValueSyntaxNode.h">
      <Filter>Header Files\SyntaxNodes</Filter>
    </ClInclude>
    <ClInclude Include="EnumDefinitionSyntaxNode.h">
      <Filter>Header Files\SyntaxNodes</Filter>
    </ClInclude>
    <ClInclude Include="EnumValueSyntaxNode.h">
      <Filter>Header Files\SyntaxNodes</Filter>
    </ClInclude>
    <ClInclude Include="DictionaryValueSyntaxNode.h">
      <Filter>Header Files\SyntaxNodes</Filter>
    </ClInclude>
    <ClInclude Include="MathOperatorSyntaxNode.h">
      <Filter>Header Files\SyntaxNodes</Filter>
    </ClInclude>
    <ClInclude Include="PrefixOperator.h">
      <Filter>Header Files\SyntaxNodes</Filter>
    </ClInclude>
    <ClInclude Include="ValueIndexValue.h">
      <Filter>Header Files\SyntaxNodes</Filter>
    </ClInclude>
    <ClInclude Include="PreloadSyntaxNode.h">
      <Filter>Header Files\SyntaxNodes</Filter>
    </ClInclude>
    <ClInclude Include="BooleanOperatorSyntaxNode.h">
      <Filter>Header Files\SyntaxNodes</Filter>
    </ClInclude>
    <ClInclude Include="WhileSyntaxNode.h">
      <Filter>Header Files\SyntaxNodes</Filter>
    </ClInclude>
  </ItemGroup>
</Project>